// !$*UTF8*$!
{
	archiveVersion = 1;
	classes = {
	};
	objectVersion = 46;
	objects = {

/* Begin PBXBuildFile section */
		03F9AD7A1E39A0A900998A9A /* AppDelegate.swift in Sources */ = {isa = PBXBuildFile; fileRef = 03F9AD791E39A0A900998A9A /* AppDelegate.swift */; };
		03F9AD7C1E39A0A900998A9A /* MasterViewController.swift in Sources */ = {isa = PBXBuildFile; fileRef = 03F9AD7B1E39A0A900998A9A /* MasterViewController.swift */; };
		03F9AD7E1E39A0A900998A9A /* DetailViewController.swift in Sources */ = {isa = PBXBuildFile; fileRef = 03F9AD7D1E39A0A900998A9A /* DetailViewController.swift */; };
		03F9AD811E39A0A900998A9A /* Main.storyboard in Resources */ = {isa = PBXBuildFile; fileRef = 03F9AD7F1E39A0A900998A9A /* Main.storyboard */; };
		03F9AD831E39A0A900998A9A /* Assets.xcassets in Resources */ = {isa = PBXBuildFile; fileRef = 03F9AD821E39A0A900998A9A /* Assets.xcassets */; };
		03F9AD861E39A0A900998A9A /* LaunchScreen.storyboard in Resources */ = {isa = PBXBuildFile; fileRef = 03F9AD841E39A0A900998A9A /* LaunchScreen.storyboard */; };
/* End PBXBuildFile section */

/* Begin PBXFileReference section */
		03F9AD761E39A0A900998A9A /* masterSample.app */ = {isa = PBXFileReference; explicitFileType = wrapper.application; includeInIndex = 0; path = masterSample.app; sourceTree = BUILT_PRODUCTS_DIR; };
		03F9AD791E39A0A900998A9A /* AppDelegate.swift */ = {isa = PBXFileReference; lastKnownFileType = sourcecode.swift; path = AppDelegate.swift; sourceTree = "<group>"; };
		03F9AD7B1E39A0A900998A9A /* MasterViewController.swift */ = {isa = PBXFileReference; lastKnownFileType = sourcecode.swift; path = MasterViewController.swift; sourceTree = "<group>"; };
		03F9AD7D1E39A0A900998A9A /* DetailViewController.swift */ = {isa = PBXFileReference; lastKnownFileType = sourcecode.swift; path = DetailViewController.swift; sourceTree = "<group>"; };
		03F9AD801E39A0A900998A9A /* Base */ = {isa = PBXFileReference; lastKnownFileType = file.storyboard; name = Base; path = Base.lproj/Main.storyboard; sourceTree = "<group>"; };
		03F9AD821E39A0A900998A9A /* Assets.xcassets */ = {isa = PBXFileReference; lastKnownFileType = folder.assetcatalog; path = Assets.xcassets; sourceTree = "<group>"; };
		03F9AD851E39A0A900998A9A /* Base */ = {isa = PBXFileReference; lastKnownFileType = file.storyboard; name = Base; path = Base.lproj/LaunchScreen.storyboard; sourceTree = "<group>"; };
		03F9AD871E39A0A900998A9A /* Info.plist */ = {isa = PBXFileReference; lastKnownFileType = text.plist.xml; path = Info.plist; sourceTree = "<group>"; };
/* End PBXFileReference section */

/* Begin PBXFrameworksBuildPhase section */
		03F9AD731E39A0A900998A9A /* Frameworks */ = {
			isa = PBXFrameworksBuildPhase;
			buildActionMask = 2147483647;
			files = (
			);
			runOnlyForDeploymentPostprocessing = 0;
		};
/* End PBXFrameworksBuildPhase section */

/* Begin PBXGroup section */
		03F9AD6D1E39A0A900998A9A = {
			isa = PBXGroup;
			children = (
				03F9AD781E39A0A900998A9A /* masterSample */,
				03F9AD771E39A0A900998A9A /* Products */,
			);
			sourceTree = "<group>";
		};
		03F9AD771E39A0A900998A9A /* Products */ = {
			isa = PBXGroup;
			children = (
				03F9AD761E39A0A900998A9A /* masterSample.app */,
			);
			name = Products;
			sourceTree = "<group>";
		};
		03F9AD781E39A0A900998A9A /* masterSample */ = {
			isa = PBXGroup;
			children = (
				03F9AD791E39A0A900998A9A /* AppDelegate.swift */,
				03F9AD7B1E39A0A900998A9A /* MasterViewController.swift */,
				03F9AD7D1E39A0A900998A9A /* DetailViewController.swift */,
				03F9AD7F1E39A0A900998A9A /* Main.storyboard */,
				03F9AD821E39A0A900998A9A /* Assets.xcassets */,
				03F9AD841E39A0A900998A9A /* LaunchScreen.storyboard */,
				03F9AD871E39A0A900998A9A /* Info.plist */,
			);
			path = masterSample;
			sourceTree = "<group>";
		};
/* End PBXGroup section */

/* Begin PBXNativeTarget section */
		03F9AD751E39A0A900998A9A /* masterSample */ = {
			isa = PBXNativeTarget;
			buildConfigurationList = 03F9AD8A1E39A0A900998A9A /* Build configuration list for PBXNativeTarget "masterSample" */;
			buildPhases = (
				03F9AD721E39A0A900998A9A /* Sources */,
				03F9AD731E39A0A900998A9A /* Frameworks */,
				03F9AD741E39A0A900998A9A /* Resources */,
			);
			buildRules = (
			);
			dependencies = (
			);
			name = masterSample;
			productName = masterSample;
			productReference = 03F9AD761E39A0A900998A9A /* masterSample.app */;
			productType = "com.apple.product-type.application";
		};
/* End PBXNativeTarget section */

/* Begin PBXProject section */
		03F9AD6E1E39A0A900998A9A /* Project object */ = {
			isa = PBXProject;
			attributes = {
				LastSwiftUpdateCheck = 0820;
				LastUpgradeCheck = 0820;
				ORGANIZATIONNAME = "Jiyeon park";
				TargetAttributes = {
					03F9AD751E39A0A900998A9A = {
						CreatedOnToolsVersion = 8.2.1;
						ProvisioningStyle = Automatic;
					};
				};
			};
			buildConfigurationList = 03F9AD711E39A0A900998A9A /* Build configuration list for PBXProject "masterSample" */;
			compatibilityVersion = "Xcode 3.2";
			developmentRegion = English;
			hasScannedForEncodings = 0;
			knownRegions = (
				en,
				Base,
			);
			mainGroup = 03F9AD6D1E39A0A900998A9A;
			productRefGroup = 03F9AD771E39A0A900998A9A /* Products */;
			projectDirPath = "";
			projectRoot = "";
			targets = (
				03F9AD751E39A0A900998A9A /* masterSample */,
			);
		};
/* End PBXProject section */

/* Begin PBXResourcesBuildPhase section */
		03F9AD741E39A0A900998A9A /* Resources */ = {
			isa = PBXResourcesBuildPhase;
			buildActionMask = 2147483647;
			files = (
				03F9AD861E39A0A900998A9A /* LaunchScreen.storyboard in Resources */,
				03F9AD831E39A0A900998A9A /* Assets.xcassets in Resources */,
				03F9AD811E39A0A900998A9A /* Main.storyboard in Resources */,
			);
			runOnlyForDeploymentPostprocessing = 0;
		};
/* End PBXResourcesBuildPhase section */

/* Begin PBXSourcesBuildPhase section */
		03F9AD721E39A0A900998A9A /* Sources */ = {
			isa = PBXSourcesBuildPhase;
			buildActionMask = 2147483647;
			files = (
				03F9AD7E1E39A0A900998A9A /* DetailViewController.swift in Sources */,
				03F9AD7C1E39A0A900998A9A /* MasterViewController.swift in Sources */,
				03F9AD7A1E39A0A900998A9A /* AppDelegate.swift in Sources */,
			);
			runOnlyForDeploymentPostprocessing = 0;
		};
/* End PBXSourcesBuildPhase section */

/* Begin PBXVariantGroup section */
		03F9AD7F1E39A0A900998A9A /* Main.storyboard */ = {
			isa = PBXVariantGroup;
			children = (
				03F9AD801E39A0A900998A9A /* Base */,
			);
			name = Main.storyboard;
			sourceTree = "<group>";
		};
		03F9AD841E39A0A900998A9A /* LaunchScreen.storyboard */ = {
			isa = PBXVariantGroup;
			children = (
				03F9AD851E39A0A900998A9A /* Base */,
			);
			name = LaunchScreen.storyboard;
			sourceTree = "<group>";
		};
/* End PBXVariantGroup section */

/* Begin XCBuildConfiguration section */
		03F9AD881E39A0A900998A9A /* Debug */ = {
			isa = XCBuildConfiguration;
			buildSettings = {
				ALWAYS_SEARCH_USER_PATHS = NO;
				CLANG_ANALYZER_NONNULL = YES;
				CLANG_CXX_LANGUAGE_STANDARD = "gnu++0x";
				CLANG_CXX_LIBRARY = "libc++";
				CLANG_ENABLE_MODULES = YES;
				CLANG_ENABLE_OBJC_ARC = YES;
				CLANG_WARN_BOOL_CONVERSION = YES;
				CLANG_WARN_CONSTANT_CONVERSION = YES;
				CLANG_WARN_DIRECT_OBJC_ISA_USAGE = YES_ERROR;
				CLANG_WARN_DOCUMENTATION_COMMENTS = YES;
				CLANG_WARN_EMPTY_BODY = YES;
				CLANG_WARN_ENUM_CONVERSION = YES;
				CLANG_WARN_INFINITE_RECURSION = YES;
				CLANG_WARN_INT_CONVERSION = YES;
				CLANG_WARN_OBJC_ROOT_CLASS = YES_ERROR;
				CLANG_WARN_SUSPICIOUS_MOVE = YES;
				CLANG_WARN_UNREACHABLE_CODE = YES;
				CLANG_WARN__DUPLICATE_METHOD_MATCH = YES;
				"CODE_SIGN_IDENTITY[sdk=iphoneos*]" = "iPhone Developer";
				COPY_PHASE_STRIP = NO;
				DEBUG_INFORMATION_FORMAT = dwarf;
				ENABLE_STRICT_OBJC_MSGSEND = YES;
				ENABLE_TESTABILITY = YES;
				GCC_C_LANGUAGE_STANDARD = gnu99;
				GCC_DYNAMIC_NO_PIC = NO;
				GCC_NO_COMMON_BLOCKS = YES;
				GCC_OPTIMIZATION_LEVEL = 0;
				GCC_PREPROCESSOR_DEFINITIONS = (
					"DEBUG=1",
					"$(inherited)",
				);
				GCC_WARN_64_TO_32_BIT_CONVERSION = YES;
				GCC_WARN_ABOUT_RETURN_TYPE = YES_ERROR;
				GCC_WARN_UNDECLARED_SELECTOR = YES;
				GCC_WARN_UNINITIALIZED_AUTOS = YES_AGGRESSIVE;
				GCC_WARN_UNUSED_FUNCTION = YES;
				GCC_WARN_UNUSED_VARIABLE = YES;
				IPHONEOS_DEPLOYMENT_TARGET = 10.2;
				MTL_ENABLE_DEBUG_INFO = YES;
				ONLY_ACTIVE_ARCH = YES;
				SDKROOT = iphoneos;
				SWIFT_ACTIVE_COMPILATION_CONDITIONS = DEBUG;
				SWIFT_OPTIMIZATION_LEVEL = "-Onone";
			};
			name = Debug;
		};
		03F9AD891E39A0A900998A9A /* Release */ = {
			isa = XCBuildConfiguration;
			buildSettings = {
				ALWAYS_SEARCH_USER_PATHS = NO;
				CLANG_ANALYZER_NONNULL = YES;
				CLANG_CXX_LANGUAGE_STANDARD = "gnu++0x";
				CLANG_CXX_LIBRARY = "libc++";
				CLANG_ENABLE_MODULES = YES;
				CLANG_ENABLE_OBJC_ARC = YES;
				CLANG_WARN_BOOL_CONVERSION = YES;
				CLANG_WARN_CONSTANT_CONVERSION = YES;
				CLANG_WARN_DIRECT_OBJC_ISA_USAGE = YES_ERROR;
				CLANG_WARN_DOCUMENTATION_COMMENTS = YES;
				CLANG_WARN_EMPTY_BODY = YES;
				CLANG_WARN_ENUM_CONVERSION = YES;
				CLANG_WARN_INFINITE_RECURSION = YES;
				CLANG_WARN_INT_CONVERSION = YES;
				CLANG_WARN_OBJC_ROOT_CLASS = YES_ERROR;
				CLANG_WARN_SUSPICIOUS_MOVE = YES;
				CLANG_WARN_UNREACHABLE_CODE = YES;
				CLANG_WARN__DUPLICATE_METHOD_MATCH = YES;
				"CODE_SIGN_IDENTITY[sdk=iphoneos*]" = "iPhone Developer";
				COPY_PHASE_STRIP = NO;
				DEBUG_INFORMATION_FORMAT = "dwarf-with-dsym";
				ENABLE_NS_ASSERTIONS = NO;
				ENABLE_STRICT_OBJC_MSGSEND = YES;
				GCC_C_LANGUAGE_STANDARD = gnu99;
				GCC_NO_COMMON_BLOCKS = YES;
				GCC_WARN_64_TO_32_BIT_CONVERSION = YES;
				GCC_WARN_ABOUT_RETURN_TYPE = YES_ERROR;
				GCC_WARN_UNDECLARED_SELECTOR = YES;
				GCC_WARN_UNINITIALIZED_AUTOS = YES_AGGRESSIVE;
				GCC_WARN_UNUSED_FUNCTION = YES;
				GCC_WARN_UNUSED_VARIABLE = YES;
				IPHONEOS_DEPLOYMENT_TARGET = 10.2;
				MTL_ENABLE_DEBUG_INFO = NO;
				SDKROOT = iphoneos;
				SWIFT_OPTIMIZATION_LEVEL = "-Owholemodule";
				VALIDATE_PRODUCT = YES;
			};
			name = Release;
		};
		03F9AD8B1E39A0A900998A9A /* Debug */ = {
			isa = XCBuildConfiguration;
			buildSettings = {
				ASSETCATALOG_COMPILER_APPICON_NAME = AppIcon;
				INFOPLIST_FILE = masterSample/Info.plist;
				LD_RUNPATH_SEARCH_PATHS = "$(inherited) @executable_path/Frameworks";
				PRODUCT_BUNDLE_IDENTIFIER = jina.masterSample;
				PRODUCT_NAME = "$(TARGET_NAME)";
				SWIFT_VERSION = 3.0;
			};
			name = Debug;
		};
		03F9AD8C1E39A0A900998A9A /* Release */ = {
			isa = XCBuildConfiguration;
			buildSettings = {
				ASSETCATALOG_COMPILER_APPICON_NAME = AppIcon;
				INFOPLIST_FILE = masterSample/Info.plist;
				LD_RUNPATH_SEARCH_PATHS = "$(inherited) @executable_path/Frameworks";
				PRODUCT_BUNDLE_IDENTIFIER = jina.masterSample;
				PRODUCT_NAME = "$(TARGET_NAME)";
				SWIFT_VERSION = 3.0;
			};
			name = Release;
		};
/* End XCBuildConfiguration section */

/* Begin XCConfigurationList section */
		03F9AD711E39A0A900998A9A /* Build configuration list for PBXProject "masterSample" */ = {
			isa = XCConfigurationList;
			buildConfigurations = (
				03F9AD881E39A0A900998A9A /* Debug */,
				03F9AD891E39A0A900998A9A /* Release */,
			);
			defaultConfigurationIsVisible = 0;
			defaultConfigurationName = Release;
		};
		03F9AD8A1E39A0A900998A9A /* Build configuration list for PBXNativeTarget "masterSample" */ = {
			isa = XCConfigurationList;
			buildConfigurations = (
				03F9AD8B1E39A0A900998A9A /* Debug */,
				03F9AD8C1E39A0A900998A9A /* Release */,
			);
			defaultConfigurationIsVisible = 0;
		};
/* End XCConfigurationList section */
	};
	rootObject = 03F9AD6E1E39A0A900998A9A /* Project object */;
}
